
Microsoft Visual Studio Solution File, Format Version 12.00
# Visual Studio Version 17
VisualStudioVersion = 17.0.31903.59
MinimumVisualStudioVersion = 10.0.40219.1
Project("{2150E333-8FDC-42A3-9474-1A3956D46DE8}") = "src", "src", "{827E0CD3-B72D-47B6-A68D-7590B98EB39B}"
EndProject
Project("{FAE04EC0-301F-11D3-BF4B-00C04F79EFBC}") = "VSMVVM.Core", "src\VSMVVM.Core\VSMVVM.Core.csproj", "{68BECE1C-DB96-4D3F-A081-18993C23A109}"
EndProject
Project("{FAE04EC0-301F-11D3-BF4B-00C04F79EFBC}") = "VSMVVM.WPF", "src\VSMVVM.WPF\VSMVVM.WPF.csproj", "{A2432B7F-A333-4222-83A1-EFFF0810B0ED}"
EndProject
Project("{2150E333-8FDC-42A3-9474-1A3956D46DE8}") = "sample", "sample", "{4F9DEAE5-078F-E77A-2E4A-FEB6FFE226FF}"
EndProject
Project("{FAE04EC0-301F-11D3-BF4B-00C04F79EFBC}") = "VSMVVM.WPF.Sample", "sample\VSMVVM.WPF.Sample\VSMVVM.WPF.Sample.csproj", "{94CF0BE2-FCCA-447D-AA94-CD71E7FB386B}"
EndProject
Project("{FAE04EC0-301F-11D3-BF4B-00C04F79EFBC}") = "VSMVVM.WPF.Design", "src\VSMVVM.WPF.Design\VSMVVM.WPF.Design.csproj", "{51911568-47EC-41C5-BA67-38A1DE68F96B}"
EndProject
Project("{2150E333-8FDC-42A3-9474-1A3956D46DE8}") = "test", "test", "{0AB3BF05-4346-4AA6-1389-037BE0695223}"
EndProject
Project("{FAE04EC0-301F-11D3-BF4B-00C04F79EFBC}") = "VSMVVM.Core.Tests", "tests\VSMVVM.Core.Tests\VSMVVM.Core.Tests.csproj", "{FBEE57F7-1F69-4B28-A71B-4FE8CDADF3A1}"
EndProject
Project("{FAE04EC0-301F-11D3-BF4B-00C04F79EFBC}") = "VSMVVM.WPF.Tests", "tests\VSMVVM.WPF.Tests\VSMVVM.WPF.Tests.csproj", "{7488DAFB-7173-482D-B84D-06C41433976F}"
EndProject
Project("{FAE04EC0-301F-11D3-BF4B-00C04F79EFBC}") = "VSMVVM.WinForms.Design", "src\VSMVVM.WinForms.Design\VSMVVM.WinForms.Design.csproj", "{08382D17-78CF-4FAF-A765-66A1FBF49D45}"
EndProject
Project("{FAE04EC0-301F-11D3-BF4B-00C04F79EFBC}") = "VSMVVM.WinForms", "src\VSMVVM.WinForms\VSMVVM.WinForms.csproj", "{67DD2059-2FFC-4D4F-B486-59AFDA001E79}"
EndProject
Global
	GlobalSection(SolutionConfigurationPlatforms) = preSolution
		Debug|Any CPU = Debug|Any CPU
		Debug|x64 = Debug|x64
		Debug|x86 = Debug|x86
		Release|Any CPU = Release|Any CPU
		Release|x64 = Release|x64
		Release|x86 = Release|x86
	EndGlobalSection
	GlobalSection(ProjectConfigurationPlatforms) = postSolution
		{68BECE1C-DB96-4D3F-A081-18993C23A109}.Debug|Any CPU.ActiveCfg = Debug|Any CPU
		{68BECE1C-DB96-4D3F-A081-18993C23A109}.Debug|Any CPU.Build.0 = Debug|Any CPU
		{68BECE1C-DB96-4D3F-A081-18993C23A109}.Debug|x64.ActiveCfg = Debug|x64
		{68BECE1C-DB96-4D3F-A081-18993C23A109}.Debug|x64.Build.0 = Debug|x64
		{68BECE1C-DB96-4D3F-A081-18993C23A109}.Debug|x86.ActiveCfg = Debug|x86
		{68BECE1C-DB96-4D3F-A081-18993C23A109}.Debug|x86.Build.0 = Debug|x86
		{68BECE1C-DB96-4D3F-A081-18993C23A109}.Release|Any CPU.ActiveCfg = Release|Any CPU
		{68BECE1C-DB96-4D3F-A081-18993C23A109}.Release|Any CPU.Build.0 = Release|Any CPU
		{68BECE1C-DB96-4D3F-A081-18993C23A109}.Release|x64.ActiveCfg = Release|x64
		{68BECE1C-DB96-4D3F-A081-18993C23A109}.Release|x64.Build.0 = Release|x64
		{68BECE1C-DB96-4D3F-A081-18993C23A109}.Release|x86.ActiveCfg = Release|x86
		{68BECE1C-DB96-4D3F-A081-18993C23A109}.Release|x86.Build.0 = Release|x86
		{A2432B7F-A333-4222-83A1-EFFF0810B0ED}.Debug|Any CPU.ActiveCfg = Debug|Any CPU
		{A2432B7F-A333-4222-83A1-EFFF0810B0ED}.Debug|Any CPU.Build.0 = Debug|Any CPU
		{A2432B7F-A333-4222-83A1-EFFF0810B0ED}.Debug|x64.ActiveCfg = Debug|x64
		{A2432B7F-A333-4222-83A1-EFFF0810B0ED}.Debug|x64.Build.0 = Debug|x64
		{A2432B7F-A333-4222-83A1-EFFF0810B0ED}.Debug|x86.ActiveCfg = Debug|x86
		{A2432B7F-A333-4222-83A1-EFFF0810B0ED}.Debug|x86.Build.0 = Debug|x86
		{A2432B7F-A333-4222-83A1-EFFF0810B0ED}.Release|Any CPU.ActiveCfg = Release|Any CPU
		{A2432B7F-A333-4222-83A1-EFFF0810B0ED}.Release|Any CPU.Build.0 = Release|Any CPU
		{A2432B7F-A333-4222-83A1-EFFF0810B0ED}.Release|x64.ActiveCfg = Release|x64
		{A2432B7F-A333-4222-83A1-EFFF0810B0ED}.Release|x64.Build.0 = Release|x64
		{A2432B7F-A333-4222-83A1-EFFF0810B0ED}.Release|x86.ActiveCfg = Release|x86
		{A2432B7F-A333-4222-83A1-EFFF0810B0ED}.Release|x86.Build.0 = Release|x86
		{94CF0BE2-FCCA-447D-AA94-CD71E7FB386B}.Debug|Any CPU.ActiveCfg = Debug|Any CPU
		{94CF0BE2-FCCA-447D-AA94-CD71E7FB386B}.Debug|Any CPU.Build.0 = Debug|Any CPU
		{94CF0BE2-FCCA-447D-AA94-CD71E7FB386B}.Debug|x64.ActiveCfg = Debug|Any CPU
		{94CF0BE2-FCCA-447D-AA94-CD71E7FB386B}.Debug|x64.Build.0 = Debug|Any CPU
		{94CF0BE2-FCCA-447D-AA94-CD71E7FB386B}.Debug|x86.ActiveCfg = Debug|Any CPU
		{94CF0BE2-FCCA-447D-AA94-CD71E7FB386B}.Debug|x86.Build.0 = Debug|Any CPU
		{94CF0BE2-FCCA-447D-AA94-CD71E7FB386B}.Release|Any CPU.ActiveCfg = Release|Any CPU
		{94CF0BE2-FCCA-447D-AA94-CD71E7FB386B}.Release|Any CPU.Build.0 = Release|Any CPU
		{94CF0BE2-FCCA-447D-AA94-CD71E7FB386B}.Release|x64.ActiveCfg = Release|Any CPU
		{94CF0BE2-FCCA-447D-AA94-CD71E7FB386B}.Release|x64.Build.0 = Release|Any CPU
		{94CF0BE2-FCCA-447D-AA94-CD71E7FB386B}.Release|x86.ActiveCfg = Release|Any CPU
		{94CF0BE2-FCCA-447D-AA94-CD71E7FB386B}.Release|x86.Build.0 = Release|Any CPU
		{51911568-47EC-41C5-BA67-38A1DE68F96B}.Debug|Any CPU.ActiveCfg = Debug|Any CPU
		{51911568-47EC-41C5-BA67-38A1DE68F96B}.Debug|Any CPU.Build.0 = Debug|Any CPU
		{51911568-47EC-41C5-BA67-38A1DE68F96B}.Debug|x64.ActiveCfg = Debug|Any CPU
		{51911568-47EC-41C5-BA67-38A1DE68F96B}.Debug|x64.Build.0 = Debug|Any CPU
		{51911568-47EC-41C5-BA67-38A1DE68F96B}.Debug|x86.ActiveCfg = Debug|Any CPU
		{51911568-47EC-41C5-BA67-38A1DE68F96B}.Debug|x86.Build.0 = Debug|Any CPU
		{51911568-47EC-41C5-BA67-38A1DE68F96B}.Release|Any CPU.ActiveCfg = Release|Any CPU
		{51911568-47EC-41C5-BA67-38A1DE68F96B}.Release|Any CPU.Build.0 = Release|Any CPU
		{51911568-47EC-41C5-BA67-38A1DE68F96B}.Release|x64.ActiveCfg = Release|Any CPU
		{51911568-47EC-41C5-BA67-38A1DE68F96B}.Release|x64.Build.0 = Release|Any CPU
		{51911568-47EC-41C5-BA67-38A1DE68F96B}.Release|x86.ActiveCfg = Release|Any CPU
		{51911568-47EC-41C5-BA67-38A1DE68F96B}.Release|x86.Build.0 = Release|Any CPU
		{FBEE57F7-1F69-4B28-A71B-4FE8CDADF3A1}.Debug|Any CPU.ActiveCfg = Debug|Any CPU
		{FBEE57F7-1F69-4B28-A71B-4FE8CDADF3A1}.Debug|Any CPU.Build.0 = Debug|Any CPU
		{FBEE57F7-1F69-4B28-A71B-4FE8CDADF3A1}.Debug|x64.ActiveCfg = Debug|Any CPU
		{FBEE57F7-1F69-4B28-A71B-4FE8CDADF3A1}.Debug|x64.Build.0 = Debug|Any CPU
		{FBEE57F7-1F69-4B28-A71B-4FE8CDADF3A1}.Debug|x86.ActiveCfg = Debug|Any CPU
		{FBEE57F7-1F69-4B28-A71B-4FE8CDADF3A1}.Debug|x86.Build.0 = Debug|Any CPU
		{FBEE57F7-1F69-4B28-A71B-4FE8CDADF3A1}.Release|Any CPU.ActiveCfg = Release|Any CPU
		{FBEE57F7-1F69-4B28-A71B-4FE8CDADF3A1}.Release|Any CPU.Build.0 = Release|Any CPU
		{FBEE57F7-1F69-4B28-A71B-4FE8CDADF3A1}.Release|x64.ActiveCfg = Release|Any CPU
		{FBEE57F7-1F69-4B28-A71B-4FE8CDADF3A1}.Release|x64.Build.0 = Release|Any CPU
		{FBEE57F7-1F69-4B28-A71B-4FE8CDADF3A1}.Release|x86.ActiveCfg = Release|Any CPU
		{FBEE57F7-1F69-4B28-A71B-4FE8CDADF3A1}.Release|x86.Build.0 = Release|Any CPU
		{7488DAFB-7173-482D-B84D-06C41433976F}.Debug|Any CPU.ActiveCfg = Debug|Any CPU
		{7488DAFB-7173-482D-B84D-06C41433976F}.Debug|Any CPU.Build.0 = Debug|Any CPU
		{7488DAFB-7173-482D-B84D-06C41433976F}.Debug|x64.ActiveCfg = Debug|Any CPU
		{7488DAFB-7173-482D-B84D-06C41433976F}.Debug|x64.Build.0 = Debug|Any CPU
		{7488DAFB-7173-482D-B84D-06C41433976F}.Debug|x86.ActiveCfg = Debug|Any CPU
		{7488DAFB-7173-482D-B84D-06C41433976F}.Debug|x86.Build.0 = Debug|Any CPU
		{7488DAFB-7173-482D-B84D-06C41433976F}.Release|Any CPU.ActiveCfg = Release|Any CPU
		{7488DAFB-7173-482D-B84D-06C41433976F}.Release|Any CPU.Build.0 = Release|Any CPU
		{7488DAFB-7173-482D-B84D-06C41433976F}.Release|x64.ActiveCfg = Release|Any CPU
		{7488DAFB-7173-482D-B84D-06C41433976F}.Release|x64.Build.0 = Release|Any CPU
		{7488DAFB-7173-482D-B84D-06C41433976F}.Release|x86.ActiveCfg = Release|Any CPU
		{7488DAFB-7173-482D-B84D-06C41433976F}.Release|x86.Build.0 = Release|Any CPU
		{08382D17-78CF-4FAF-A765-66A1FBF49D45}.Debug|Any CPU.ActiveCfg = Debug|Any CPU
		{08382D17-78CF-4FAF-A765-66A1FBF49D45}.Debug|Any CPU.Build.0 = Debug|Any CPU
		{08382D17-78CF-4FAF-A765-66A1FBF49D45}.Debug|x64.ActiveCfg = Debug|Any CPU
		{08382D17-78CF-4FAF-A765-66A1FBF49D45}.Debug|x64.Build.0 = Debug|Any CPU
		{08382D17-78CF-4FAF-A765-66A1FBF49D45}.Debug|x86.ActiveCfg = Debug|Any CPU
		{08382D17-78CF-4FAF-A765-66A1FBF49D45}.Debug|x86.Build.0 = Debug|Any CPU
		{08382D17-78CF-4FAF-A765-66A1FBF49D45}.Release|Any CPU.ActiveCfg = Release|Any CPU
		{08382D17-78CF-4FAF-A765-66A1FBF49D45}.Release|Any CPU.Build.0 = Release|Any CPU
		{08382D17-78CF-4FAF-A765-66A1FBF49D45}.Release|x64.ActiveCfg = Release|Any CPU
		{08382D17-78CF-4FAF-A765-66A1FBF49D45}.Release|x64.Build.0 = Release|Any CPU
		{08382D17-78CF-4FAF-A765-66A1FBF49D45}.Release|x86.ActiveCfg = Release|Any CPU
		{08382D17-78CF-4FAF-A765-66A1FBF49D45}.Release|x86.Build.0 = Release|Any CPU
		{67DD2059-2FFC-4D4F-B486-59AFDA001E79}.Debug|Any CPU.ActiveCfg = Debug|Any CPU
		{67DD2059-2FFC-4D4F-B486-59AFDA001E79}.Debug|Any CPU.Build.0 = Debug|Any CPU
		{67DD2059-2FFC-4D4F-B486-59AFDA001E79}.Debug|x64.ActiveCfg = Debug|Any CPU
		{67DD2059-2FFC-4D4F-B486-59AFDA001E79}.Debug|x64.Build.0 = Debug|Any CPU
		{67DD2059-2FFC-4D4F-B486-59AFDA001E79}.Debug|x86.ActiveCfg = Debug|Any CPU
		{67DD2059-2FFC-4D4F-B486-59AFDA001E79}.Debug|x86.Build.0 = Debug|Any CPU
		{67DD2059-2FFC-4D4F-B486-59AFDA001E79}.Release|Any CPU.ActiveCfg = Release|Any CPU
		{67DD2059-2FFC-4D4F-B486-59AFDA001E79}.Release|Any CPU.Build.0 = Release|Any CPU
		{67DD2059-2FFC-4D4F-B486-59AFDA001E79}.Release|x64.ActiveCfg = Release|Any CPU
		{67DD2059-2FFC-4D4F-B486-59AFDA001E79}.Release|x64.Build.0 = Release|Any CPU
		{67DD2059-2FFC-4D4F-B486-59AFDA001E79}.Release|x86.ActiveCfg = Release|Any CPU
		{67DD2059-2FFC-4D4F-B486-59AFDA001E79}.Release|x86.Build.0 = Release|Any CPU
	EndGlobalSection
	GlobalSection(SolutionProperties) = preSolution
		HideSolutionNode = FALSE
	EndGlobalSection
	GlobalSection(NestedProjects) = preSolution
		{68BECE1C-DB96-4D3F-A081-18993C23A109} = {827E0CD3-B72D-47B6-A68D-7590B98EB39B}
		{A2432B7F-A333-4222-83A1-EFFF0810B0ED} = {827E0CD3-B72D-47B6-A68D-7590B98EB39B}
		{94CF0BE2-FCCA-447D-AA94-CD71E7FB386B} = {4F9DEAE5-078F-E77A-2E4A-FEB6FFE226FF}
		{51911568-47EC-41C5-BA67-38A1DE68F96B} = {827E0CD3-B72D-47B6-A68D-7590B98EB39B}
		{FBEE57F7-1F69-4B28-A71B-4FE8CDADF3A1} = {0AB3BF05-4346-4AA6-1389-037BE0695223}
		{7488DAFB-7173-482D-B84D-06C41433976F} = {0AB3BF05-4346-4AA6-1389-037BE0695223}
		{08382D17-78CF-4FAF-A765-66A1FBF49D45} = {827E0CD3-B72D-47B6-A68D-7590B98EB39B}
		{67DD2059-2FFC-4D4F-B486-59AFDA001E79} = {827E0CD3-B72D-47B6-A68D-7590B98EB39B}
	EndGlobalSection
	GlobalSection(ExtensibilityGlobals) = postSolution
		SolutionGuid = {B3299F2F-EDE3-4242-B126-F6AEAE3E594A}
	EndGlobalSection
EndGlobal
